{
    "_readme": [
        "This file locks the dependencies of your project to a known state",
        "Read more about it at https://getcomposer.org/doc/01-basic-usage.md#composer-lock-the-lock-file",
        "This file is @generated automatically"
    ],
    "hash": "67b3790d2493feea97126e770768bd50",
    "content-hash": "8792cc35cf5e2b2910d187af6f870d55",
    "packages": [
        {
            "name": "automattic/woocommerce",
            "version": "1.0.2",
            "source": {
                "type": "git",
                "url": "https://github.com/woothemes/wc-api-php.git",
                "reference": "3638f958df74852e4442bd60565d5e62b713a8c1"
            },
            "dist": {
                "type": "zip",
                "url": "https://api.github.com/repos/woothemes/wc-api-php/zipball/3638f958df74852e4442bd60565d5e62b713a8c1",
                "reference": "3638f958df74852e4442bd60565d5e62b713a8c1",
                "shasum": ""
            },
            "require": {
                "ext-curl": "*",
                "ext-json": "*",
                "php": ">= 5.4.0"
            },
            "require-dev": {
                "phpunit/phpunit": "*"
            },
            "type": "library",
            "autoload": {
                "psr-4": {
                    "Automattic\\WooCommerce\\": [
                        "src/WooCommerce"
                    ]
                }
            },
            "notification-url": "https://packagist.org/downloads/",
            "license": [
                "MIT"
            ],
            "authors": [
                {
                    "name": "Claudio Sanches",
                    "email": "claudio.sanches@automattic.com"
                }
            ],
            "description": "A PHP wrapper for the WooCommerce REST API",
            "keywords": [
                "api",
                "woocommerce"
            ],
            "time": "2016-01-25 16:17:49"
        },
        {
            "name": "facebook/php-sdk-v4",
            "version": "5.1.2",
            "source": {
                "type": "git",
                "url": "https://github.com/facebook/facebook-php-sdk-v4.git",
                "reference": "2c42fb3002953355f12d3c6e8003a9fd5af563d9"
            },
            "dist": {
                "type": "zip",
                "url": "https://api.github.com/repos/facebook/facebook-php-sdk-v4/zipball/2c42fb3002953355f12d3c6e8003a9fd5af563d9",
                "reference": "2c42fb3002953355f12d3c6e8003a9fd5af563d9",
                "shasum": ""
            },
            "require": {
                "ext-mbstring": "*",
                "php": ">=5.4.0"
            },
            "require-dev": {
                "guzzlehttp/guzzle": "~5.0",
                "mockery/mockery": "~0.8",
                "phpunit/phpunit": "~4.0"
            },
            "suggest": {
                "guzzlehttp/guzzle": "Allows for implementation of the Guzzle HTTP client"
            },
            "type": "library",
            "extra": {
                "branch-alias": {
                    "dev-master": "5.x-dev"
                }
            },
            "autoload": {
                "psr-4": {
                    "Facebook\\": "src/Facebook/"
                }
            },
            "notification-url": "https://packagist.org/downloads/",
            "license": [
                "Facebook Platform"
            ],
            "authors": [
                {
                    "name": "Facebook",
                    "homepage": "https://github.com/facebook/facebook-php-sdk-v4/contributors"
                }
            ],
            "description": "Facebook SDK for PHP",
            "homepage": "https://github.com/facebook/facebook-php-sdk-v4",
            "keywords": [
                "facebook",
                "sdk"
            ],
            "time": "2015-11-19 21:07:36"
        }
    ],
    "packages-dev": [],
    "aliases": [],
    "minimum-stability": "stable",
    "stability-flags": [],
    "prefer-stable": false,
    "prefer-lowest": false,
    "platform": [],
    "platform-dev": []
}
